
Microsoft Visual Studio Solution File, Format Version 12.00
# Visual Studio Version 16
VisualStudioVersion = 16.0.29709.97
MinimumVisualStudioVersion = 10.0.40219.1
Project("{FAE04EC0-301F-11D3-BF4B-00C04F79EFBC}") = "ODataService", "ODataService\ODataService.csproj", "{EDE67CF5-09A3-4918-8588-B80B05AD9CC2}"
EndProject
Global
	GlobalSection(SolutionConfigurationPlatforms) = preSolution
		Debug|Any CPU = Debug|Any CPU
		Release|Any CPU = Release|Any CPU
	EndGlobalSection
	GlobalSection(ProjectConfigurationPlatforms) = postSolution
		{EDE67CF5-09A3-4918-8588-B80B05AD9CC2}.Debug|Any CPU.ActiveCfg = Debug|Any CPU
		{EDE67CF5-09A3-4918-8588-B80B05AD9CC2}.Debug|Any CPU.Build.0 = Debug|Any CPU
		{EDE67CF5-09A3-4918-8588-B80B05AD9CC2}.Release|Any CPU.ActiveCfg = Release|Any CPU
		{EDE67CF5-09A3-4918-8588-B80B05AD9CC2}.Release|Any CPU.Build.0 = Release|Any CPU
	EndGlobalSection
	GlobalSection(SolutionProperties) = preSolution
		HideSolutionNode = FALSE
	EndGlobalSection
	GlobalSection(ExtensibilityGlobals) = postSolution
		SolutionGuid = {0FE8E2A1-FE5F-4901-8462-173FB0D09968}
	EndGlobalSection
EndGlobal
